
Microsoft Visual Studio Solution File, Format Version 12.00
# Visual Studio 15
VisualStudioVersion = 15.0.26730.16
MinimumVisualStudioVersion = 10.0.40219.1
Project("{FAE04EC0-301F-11D3-BF4B-00C04F79EFBC}") = "Server", "Server\Server.csproj", "{08A476A9-00A2-44D1-AF4E-741F08FBC946}"
EndProject
Global
	GlobalSection(SolutionConfigurationPlatforms) = preSolution
		Debug|Any CPU = Debug|Any CPU
		Release|Any CPU = Release|Any CPU
	EndGlobalSection
	GlobalSection(ProjectConfigurationPlatforms) = postSolution
		{08A476A9-00A2-44D1-AF4E-741F08FBC946}.Debug|Any CPU.ActiveCfg = Debug|Any CPU
		{08A476A9-00A2-44D1-AF4E-741F08FBC946}.Debug|Any CPU.Build.0 = Debug|Any CPU
		{08A476A9-00A2-44D1-AF4E-741F08FBC946}.Release|Any CPU.ActiveCfg = Release|Any CPU
		{08A476A9-00A2-44D1-AF4E-741F08FBC946}.Release|Any CPU.Build.0 = Release|Any CPU
	EndGlobalSection
	GlobalSection(SolutionProperties) = preSolution
		HideSolutionNode = FALSE
	EndGlobalSection
	GlobalSection(ExtensibilityGlobals) = postSolution
		SolutionGuid = {DB2677E1-1A56-42E0-ADF5-49AAF3FD818F}
	EndGlobalSection
EndGlobal
