
Microsoft Visual Studio Solution File, Format Version 12.00
# Visual Studio 15
VisualStudioVersion = 15.0.26730.16
MinimumVisualStudioVersion = 10.0.40219.1
Project("{FAE04EC0-301F-11D3-BF4B-00C04F79EFBC}") = "Server3", "Server3\Server3.csproj", "{EBABD601-D12D-42F0-8D3D-5C6D4C72E5B8}"
EndProject
Global
	GlobalSection(SolutionConfigurationPlatforms) = preSolution
		Debug|Any CPU = Debug|Any CPU
		Release|Any CPU = Release|Any CPU
	EndGlobalSection
	GlobalSection(ProjectConfigurationPlatforms) = postSolution
		{EBABD601-D12D-42F0-8D3D-5C6D4C72E5B8}.Debug|Any CPU.ActiveCfg = Debug|Any CPU
		{EBABD601-D12D-42F0-8D3D-5C6D4C72E5B8}.Debug|Any CPU.Build.0 = Debug|Any CPU
		{EBABD601-D12D-42F0-8D3D-5C6D4C72E5B8}.Release|Any CPU.ActiveCfg = Release|Any CPU
		{EBABD601-D12D-42F0-8D3D-5C6D4C72E5B8}.Release|Any CPU.Build.0 = Release|Any CPU
	EndGlobalSection
	GlobalSection(SolutionProperties) = preSolution
		HideSolutionNode = FALSE
	EndGlobalSection
	GlobalSection(ExtensibilityGlobals) = postSolution
		SolutionGuid = {98806813-5D68-4307-A9F9-E017D2D711EF}
	EndGlobalSection
EndGlobal
