
Microsoft Visual Studio Solution File, Format Version 12.00
# Visual Studio 15
VisualStudioVersion = 15.0.26730.16
MinimumVisualStudioVersion = 10.0.40219.1
Project("{FAE04EC0-301F-11D3-BF4B-00C04F79EFBC}") = "Client_TongBaSo", "Client_TongBaSo\Client_TongBaSo.csproj", "{F89BD9E3-DE71-41C1-810D-4CB8EA07985E}"
EndProject
Global
	GlobalSection(SolutionConfigurationPlatforms) = preSolution
		Debug|Any CPU = Debug|Any CPU
		Release|Any CPU = Release|Any CPU
	EndGlobalSection
	GlobalSection(ProjectConfigurationPlatforms) = postSolution
		{F89BD9E3-DE71-41C1-810D-4CB8EA07985E}.Debug|Any CPU.ActiveCfg = Debug|Any CPU
		{F89BD9E3-DE71-41C1-810D-4CB8EA07985E}.Debug|Any CPU.Build.0 = Debug|Any CPU
		{F89BD9E3-DE71-41C1-810D-4CB8EA07985E}.Release|Any CPU.ActiveCfg = Release|Any CPU
		{F89BD9E3-DE71-41C1-810D-4CB8EA07985E}.Release|Any CPU.Build.0 = Release|Any CPU
	EndGlobalSection
	GlobalSection(SolutionProperties) = preSolution
		HideSolutionNode = FALSE
	EndGlobalSection
	GlobalSection(ExtensibilityGlobals) = postSolution
		SolutionGuid = {1D5BF697-1C2B-4A55-BFD3-E94C9F93D472}
	EndGlobalSection
EndGlobal
